
Microsoft Visual Studio Solution File, Format Version 12.00
# Visual Studio Version 17
VisualStudioVersion = 17.10.35122.118
MinimumVisualStudioVersion = 10.0.40219.1
Project("{FAE04EC0-301F-11D3-BF4B-00C04F79EFBC}") = "Dev-backend", "Dev-backend.csproj", "{4B04DC0A-7083-4E2A-8965-DBE39F77447D}"
EndProject
Global
	GlobalSection(SolutionConfigurationPlatforms) = preSolution
		Debug|Any CPU = Debug|Any CPU
		Release|Any CPU = Release|Any CPU
	EndGlobalSection
	GlobalSection(ProjectConfigurationPlatforms) = postSolution
		{4B04DC0A-7083-4E2A-8965-DBE39F77447D}.Debug|Any CPU.ActiveCfg = Debug|Any CPU
		{4B04DC0A-7083-4E2A-8965-DBE39F77447D}.Debug|Any CPU.Build.0 = Debug|Any CPU
		{4B04DC0A-7083-4E2A-8965-DBE39F77447D}.Release|Any CPU.ActiveCfg = Release|Any CPU
		{4B04DC0A-7083-4E2A-8965-DBE39F77447D}.Release|Any CPU.Build.0 = Release|Any CPU
	EndGlobalSection
	GlobalSection(SolutionProperties) = preSolution
		HideSolutionNode = FALSE
	EndGlobalSection
	GlobalSection(ExtensibilityGlobals) = postSolution
		SolutionGuid = {0249A577-0B7A-43BC-B46D-F74B8406BFD0}
	EndGlobalSection
EndGlobal
